
Microsoft Visual Studio Solution File, Format Version 12.00
# Visual Studio 14
VisualStudioVersion = 14.0.23107.0
MinimumVisualStudioVersion = 10.0.40219.1
Project("{FAE04EC0-301F-11D3-BF4B-00C04F79EFBC}") = "WordsCounter", "WordsCounter\WordsCounter.csproj", "{7BA7B304-12FC-4414-B602-C45D4200F597}"
EndProject
Project("{FAE04EC0-301F-11D3-BF4B-00C04F79EFBC}") = "WordsCounterTest", "WordsCounterTest\WordsCounterTest.csproj", "{6221C9F8-D752-40C6-B5A0-BA960B21C6DF}"
EndProject
Project("{FAE04EC0-301F-11D3-BF4B-00C04F79EFBC}") = "CounterLib", "CounterLib\CounterLib.csproj", "{6AB7FDE6-DCDA-460B-AF4F-34BD64A5EBD8}"
EndProject
Global
	GlobalSection(SolutionConfigurationPlatforms) = preSolution
		Debug|Any CPU = Debug|Any CPU
		Release|Any CPU = Release|Any CPU
	EndGlobalSection
	GlobalSection(ProjectConfigurationPlatforms) = postSolution
		{7BA7B304-12FC-4414-B602-C45D4200F597}.Debug|Any CPU.ActiveCfg = Debug|Any CPU
		{7BA7B304-12FC-4414-B602-C45D4200F597}.Debug|Any CPU.Build.0 = Debug|Any CPU
		{7BA7B304-12FC-4414-B602-C45D4200F597}.Release|Any CPU.ActiveCfg = Release|Any CPU
		{7BA7B304-12FC-4414-B602-C45D4200F597}.Release|Any CPU.Build.0 = Release|Any CPU
		{6221C9F8-D752-40C6-B5A0-BA960B21C6DF}.Debug|Any CPU.ActiveCfg = Debug|Any CPU
		{6221C9F8-D752-40C6-B5A0-BA960B21C6DF}.Debug|Any CPU.Build.0 = Debug|Any CPU
		{6221C9F8-D752-40C6-B5A0-BA960B21C6DF}.Release|Any CPU.ActiveCfg = Release|Any CPU
		{6221C9F8-D752-40C6-B5A0-BA960B21C6DF}.Release|Any CPU.Build.0 = Release|Any CPU
		{6AB7FDE6-DCDA-460B-AF4F-34BD64A5EBD8}.Debug|Any CPU.ActiveCfg = Debug|Any CPU
		{6AB7FDE6-DCDA-460B-AF4F-34BD64A5EBD8}.Debug|Any CPU.Build.0 = Debug|Any CPU
		{6AB7FDE6-DCDA-460B-AF4F-34BD64A5EBD8}.Release|Any CPU.ActiveCfg = Release|Any CPU
		{6AB7FDE6-DCDA-460B-AF4F-34BD64A5EBD8}.Release|Any CPU.Build.0 = Release|Any CPU
	EndGlobalSection
	GlobalSection(SolutionProperties) = preSolution
		HideSolutionNode = FALSE
	EndGlobalSection
EndGlobal
